// !$*UTF8*$!
{
	archiveVersion = 1;
	classes = {
	};
	objectVersion = 46;
	objects = {

/* Begin PBXBuildFile section */
		266DD6471C76A20F0011DD2E /* AppDelegate.swift in Sources */ = {isa = PBXBuildFile; fileRef = 266DD6461C76A20F0011DD2E /* AppDelegate.swift */; };
		266DD6491C76A20F0011DD2E /* ViewController.swift in Sources */ = {isa = PBXBuildFile; fileRef = 266DD6481C76A20F0011DD2E /* ViewController.swift */; };
		266DD64C1C76A20F0011DD2E /* Main.storyboard in Resources */ = {isa = PBXBuildFile; fileRef = 266DD64A1C76A20F0011DD2E /* Main.storyboard */; };
		266DD64E1C76A20F0011DD2E /* Assets.xcassets in Resources */ = {isa = PBXBuildFile; fileRef = 266DD64D1C76A20F0011DD2E /* Assets.xcassets */; };
		266DD6511C76A20F0011DD2E /* LaunchScreen.storyboard in Resources */ = {isa = PBXBuildFile; fileRef = 266DD64F1C76A20F0011DD2E /* LaunchScreen.storyboard */; };
		266DD65C1C76A20F0011DD2E /* XcodeTutorialTests.swift in Sources */ = {isa = PBXBuildFile; fileRef = 266DD65B1C76A20F0011DD2E /* XcodeTutorialTests.swift */; };
		266DD6671C76A2100011DD2E /* XcodeTutorialUITests.swift in Sources */ = {isa = PBXBuildFile; fileRef = 266DD6661C76A2100011DD2E /* XcodeTutorialUITests.swift */; };
		266DD6751C7AF66B0011DD2E /* RatingControl.swift in Sources */ = {isa = PBXBuildFile; fileRef = 266DD6741C7AF66B0011DD2E /* RatingControl.swift */; };
		266DD6771C7D83010011DD2E /* Meal.swift in Sources */ = {isa = PBXBuildFile; fileRef = 266DD6761C7D83010011DD2E /* Meal.swift */; };
		266DD6791C7E951D0011DD2E /* MealTableViewCell.swift in Sources */ = {isa = PBXBuildFile; fileRef = 266DD6781C7E951D0011DD2E /* MealTableViewCell.swift */; };
		266DD67B1C7EBE9B0011DD2E /* MealTableViewController.swift in Sources */ = {isa = PBXBuildFile; fileRef = 266DD67A1C7EBE9B0011DD2E /* MealTableViewController.swift */; };
/* End PBXBuildFile section */

/* Begin PBXContainerItemProxy section */
		266DD6581C76A20F0011DD2E /* PBXContainerItemProxy */ = {
			isa = PBXContainerItemProxy;
			containerPortal = 266DD63B1C76A20F0011DD2E /* Project object */;
			proxyType = 1;
			remoteGlobalIDString = 266DD6421C76A20F0011DD2E;
			remoteInfo = XcodeTutorial;
		};
		266DD6631C76A20F0011DD2E /* PBXContainerItemProxy */ = {
			isa = PBXContainerItemProxy;
			containerPortal = 266DD63B1C76A20F0011DD2E /* Project object */;
			proxyType = 1;
			remoteGlobalIDString = 266DD6421C76A20F0011DD2E;
			remoteInfo = XcodeTutorial;
		};
/* End PBXContainerItemProxy section */

/* Begin PBXFileReference section */
		266DD6431C76A20F0011DD2E /* XcodeTutorial.app */ = {isa = PBXFileReference; explicitFileType = wrapper.application; includeInIndex = 0; path = XcodeTutorial.app; sourceTree = BUILT_PRODUCTS_DIR; };
		266DD6461C76A20F0011DD2E /* AppDelegate.swift */ = {isa = PBXFileReference; lastKnownFileType = sourcecode.swift; path = AppDelegate.swift; sourceTree = "<group>"; };
		266DD6481C76A20F0011DD2E /* ViewController.swift */ = {isa = PBXFileReference; lastKnownFileType = sourcecode.swift; path = ViewController.swift; sourceTree = "<group>"; };
		266DD64B1C76A20F0011DD2E /* Base */ = {isa = PBXFileReference; lastKnownFileType = file.storyboard; name = Base; path = Base.lproj/Main.storyboard; sourceTree = "<group>"; };
		266DD64D1C76A20F0011DD2E /* Assets.xcassets */ = {isa = PBXFileReference; lastKnownFileType = folder.assetcatalog; path = Assets.xcassets; sourceTree = "<group>"; };
		266DD6501C76A20F0011DD2E /* Base */ = {isa = PBXFileReference; lastKnownFileType = file.storyboard; name = Base; path = Base.lproj/LaunchScreen.storyboard; sourceTree = "<group>"; };
		266DD6521C76A20F0011DD2E /* Info.plist */ = {isa = PBXFileReference; lastKnownFileType = text.plist.xml; path = Info.plist; sourceTree = "<group>"; };
		266DD6571C76A20F0011DD2E /* XcodeTutorialTests.xctest */ = {isa = PBXFileReference; explicitFileType = wrapper.cfbundle; includeInIndex = 0; path = XcodeTutorialTests.xctest; sourceTree = BUILT_PRODUCTS_DIR; };
		266DD65B1C76A20F0011DD2E /* XcodeTutorialTests.swift */ = {isa = PBXFileReference; lastKnownFileType = sourcecode.swift; path = XcodeTutorialTests.swift; sourceTree = "<group>"; };
		266DD65D1C76A20F0011DD2E /* Info.plist */ = {isa = PBXFileReference; lastKnownFileType = text.plist.xml; path = Info.plist; sourceTree = "<group>"; };
		266DD6621C76A20F0011DD2E /* XcodeTutorialUITests.xctest */ = {isa = PBXFileReference; explicitFileType = wrapper.cfbundle; includeInIndex = 0; path = XcodeTutorialUITests.xctest; sourceTree = BUILT_PRODUCTS_DIR; };
		266DD6661C76A2100011DD2E /* XcodeTutorialUITests.swift */ = {isa = PBXFileReference; lastKnownFileType = sourcecode.swift; path = XcodeTutorialUITests.swift; sourceTree = "<group>"; };
		266DD6681C76A2100011DD2E /* Info.plist */ = {isa = PBXFileReference; lastKnownFileType = text.plist.xml; path = Info.plist; sourceTree = "<group>"; };
		266DD6741C7AF66B0011DD2E /* RatingControl.swift */ = {isa = PBXFileReference; fileEncoding = 4; lastKnownFileType = sourcecode.swift; path = RatingControl.swift; sourceTree = "<group>"; };
		266DD6761C7D83010011DD2E /* Meal.swift */ = {isa = PBXFileReference; fileEncoding = 4; lastKnownFileType = sourcecode.swift; path = Meal.swift; sourceTree = "<group>"; };
		266DD6781C7E951D0011DD2E /* MealTableViewCell.swift */ = {isa = PBXFileReference; fileEncoding = 4; lastKnownFileType = sourcecode.swift; path = MealTableViewCell.swift; sourceTree = "<group>"; };
		266DD67A1C7EBE9B0011DD2E /* MealTableViewController.swift */ = {isa = PBXFileReference; fileEncoding = 4; lastKnownFileType = sourcecode.swift; path = MealTableViewController.swift; sourceTree = "<group>"; };
/* End PBXFileReference section */

/* Begin PBXFrameworksBuildPhase section */
		266DD6401C76A20F0011DD2E /* Frameworks */ = {
			isa = PBXFrameworksBuildPhase;
			buildActionMask = 2147483647;
			files = (
			);
			runOnlyForDeploymentPostprocessing = 0;
		};
		266DD6541C76A20F0011DD2E /* Frameworks */ = {
			isa = PBXFrameworksBuildPhase;
			buildActionMask = 2147483647;
			files = (
			);
			runOnlyForDeploymentPostprocessing = 0;
		};
		266DD65F1C76A20F0011DD2E /* Frameworks */ = {
			isa = PBXFrameworksBuildPhase;
			buildActionMask = 2147483647;
			files = (
			);
			runOnlyForDeploymentPostprocessing = 0;
		};
/* End PBXFrameworksBuildPhase section */

/* Begin PBXGroup section */
		266DD63A1C76A20F0011DD2E = {
			isa = PBXGroup;
			children = (
				266DD6451C76A20F0011DD2E /* XcodeTutorial */,
				266DD65A1C76A20F0011DD2E /* XcodeTutorialTests */,
				266DD6651C76A20F0011DD2E /* XcodeTutorialUITests */,
				266DD6441C76A20F0011DD2E /* Products */,
			);
			sourceTree = "<group>";
		};
		266DD6441C76A20F0011DD2E /* Products */ = {
			isa = PBXGroup;
			children = (
				266DD6431C76A20F0011DD2E /* XcodeTutorial.app */,
				266DD6571C76A20F0011DD2E /* XcodeTutorialTests.xctest */,
				266DD6621C76A20F0011DD2E /* XcodeTutorialUITests.xctest */,
			);
			name = Products;
			sourceTree = "<group>";
		};
		266DD6451C76A20F0011DD2E /* XcodeTutorial */ = {
			isa = PBXGroup;
			children = (
				266DD6461C76A20F0011DD2E /* AppDelegate.swift */,
				266DD6481C76A20F0011DD2E /* ViewController.swift */,
				266DD6741C7AF66B0011DD2E /* RatingControl.swift */,
				266DD67A1C7EBE9B0011DD2E /* MealTableViewController.swift */,
				266DD6781C7E951D0011DD2E /* MealTableViewCell.swift */,
				266DD6761C7D83010011DD2E /* Meal.swift */,
				266DD64A1C76A20F0011DD2E /* Main.storyboard */,
				266DD64D1C76A20F0011DD2E /* Assets.xcassets */,
				266DD64F1C76A20F0011DD2E /* LaunchScreen.storyboard */,
				266DD6521C76A20F0011DD2E /* Info.plist */,
			);
			path = XcodeTutorial;
			sourceTree = "<group>";
		};
		266DD65A1C76A20F0011DD2E /* XcodeTutorialTests */ = {
			isa = PBXGroup;
			children = (
				266DD65B1C76A20F0011DD2E /* XcodeTutorialTests.swift */,
				266DD65D1C76A20F0011DD2E /* Info.plist */,
			);
			path = XcodeTutorialTests;
			sourceTree = "<group>";
		};
		266DD6651C76A20F0011DD2E /* XcodeTutorialUITests */ = {
			isa = PBXGroup;
			children = (
				266DD6661C76A2100011DD2E /* XcodeTutorialUITests.swift */,
				266DD6681C76A2100011DD2E /* Info.plist */,
			);
			path = XcodeTutorialUITests;
			sourceTree = "<group>";
		};
/* End PBXGroup section */

/* Begin PBXNativeTarget section */
		266DD6421C76A20F0011DD2E /* XcodeTutorial */ = {
			isa = PBXNativeTarget;
			buildConfigurationList = 266DD66B1C76A2100011DD2E /* Build configuration list for PBXNativeTarget "XcodeTutorial" */;
			buildPhases = (
				266DD63F1C76A20F0011DD2E /* Sources */,
				266DD6401C76A20F0011DD2E /* Frameworks */,
				266DD6411C76A20F0011DD2E /* Resources */,
			);
			buildRules = (
			);
			dependencies = (
			);
			name = XcodeTutorial;
			productName = XcodeTutorial;
			productReference = 266DD6431C76A20F0011DD2E /* XcodeTutorial.app */;
			productType = "com.apple.product-type.application";
		};
		266DD6561C76A20F0011DD2E /* XcodeTutorialTests */ = {
			isa = PBXNativeTarget;
			buildConfigurationList = 266DD66E1C76A2100011DD2E /* Build configuration list for PBXNativeTarget "XcodeTutorialTests" */;
			buildPhases = (
				266DD6531C76A20F0011DD2E /* Sources */,
				266DD6541C76A20F0011DD2E /* Frameworks */,
				266DD6551C76A20F0011DD2E /* Resources */,
			);
			buildRules = (
			);
			dependencies = (
				266DD6591C76A20F0011DD2E /* PBXTargetDependency */,
			);
			name = XcodeTutorialTests;
			productName = XcodeTutorialTests;
			productReference = 266DD6571C76A20F0011DD2E /* XcodeTutorialTests.xctest */;
			productType = "com.apple.product-type.bundle.unit-test";
		};
		266DD6611C76A20F0011DD2E /* XcodeTutorialUITests */ = {
			isa = PBXNativeTarget;
			buildConfigurationList = 266DD6711C76A2100011DD2E /* Build configuration list for PBXNativeTarget "XcodeTutorialUITests" */;
			buildPhases = (
				266DD65E1C76A20F0011DD2E /* Sources */,
				266DD65F1C76A20F0011DD2E /* Frameworks */,
				266DD6601C76A20F0011DD2E /* Resources */,
			);
			buildRules = (
			);
			dependencies = (
				266DD6641C76A20F0011DD2E /* PBXTargetDependency */,
			);
			name = XcodeTutorialUITests;
			productName = XcodeTutorialUITests;
			productReference = 266DD6621C76A20F0011DD2E /* XcodeTutorialUITests.xctest */;
			productType = "com.apple.product-type.bundle.ui-testing";
		};
/* End PBXNativeTarget section */

/* Begin PBXProject section */
		266DD63B1C76A20F0011DD2E /* Project object */ = {
			isa = PBXProject;
			attributes = {
				LastSwiftUpdateCheck = 0720;
				LastUpgradeCheck = 0720;
				ORGANIZATIONNAME = "Joohee Kang";
				TargetAttributes = {
					266DD6421C76A20F0011DD2E = {
						CreatedOnToolsVersion = 7.2;
						DevelopmentTeam = 43ZEKT2VFH;
					};
					266DD6561C76A20F0011DD2E = {
						CreatedOnToolsVersion = 7.2;
						TestTargetID = 266DD6421C76A20F0011DD2E;
					};
					266DD6611C76A20F0011DD2E = {
						CreatedOnToolsVersion = 7.2;
						TestTargetID = 266DD6421C76A20F0011DD2E;
					};
				};
			};
			buildConfigurationList = 266DD63E1C76A20F0011DD2E /* Build configuration list for PBXProject "XcodeTutorial" */;
			compatibilityVersion = "Xcode 3.2";
			developmentRegion = English;
			hasScannedForEncodings = 0;
			knownRegions = (
				en,
				Base,
			);
			mainGroup = 266DD63A1C76A20F0011DD2E;
			productRefGroup = 266DD6441C76A20F0011DD2E /* Products */;
			projectDirPath = "";
			projectRoot = "";
			targets = (
				266DD6421C76A20F0011DD2E /* XcodeTutorial */,
				266DD6561C76A20F0011DD2E /* XcodeTutorialTests */,
				266DD6611C76A20F0011DD2E /* XcodeTutorialUITests */,
			);
		};
/* End PBXProject section */

/* Begin PBXResourcesBuildPhase section */
		266DD6411C76A20F0011DD2E /* Resources */ = {
			isa = PBXResourcesBuildPhase;
			buildActionMask = 2147483647;
			files = (
				266DD6511C76A20F0011DD2E /* LaunchScreen.storyboard in Resources */,
				266DD64E1C76A20F0011DD2E /* Assets.xcassets in Resources */,
				266DD64C1C76A20F0011DD2E /* Main.storyboard in Resources */,
			);
			runOnlyForDeploymentPostprocessing = 0;
		};
		266DD6551C76A20F0011DD2E /* Resources */ = {
			isa = PBXResourcesBuildPhase;
			buildActionMask = 2147483647;
			files = (
			);
			runOnlyForDeploymentPostprocessing = 0;
		};
		266DD6601C76A20F0011DD2E /* Resources */ = {
			isa = PBXResourcesBuildPhase;
			buildActionMask = 2147483647;
			files = (
			);
			runOnlyForDeploymentPostprocessing = 0;
		};
/* End PBXResourcesBuildPhase section */

/* Begin PBXSourcesBuildPhase section */
		266DD63F1C76A20F0011DD2E /* Sources */ = {
			isa = PBXSourcesBuildPhase;
			buildActionMask = 2147483647;
			files = (
				266DD6771C7D83010011DD2E /* Meal.swift in Sources */,
				266DD6491C76A20F0011DD2E /* ViewController.swift in Sources */,
				266DD6751C7AF66B0011DD2E /* RatingControl.swift in Sources */,
				266DD6471C76A20F0011DD2E /* AppDelegate.swift in Sources */,
				266DD67B1C7EBE9B0011DD2E /* MealTableViewController.swift in Sources */,
				266DD6791C7E951D0011DD2E /* MealTableViewCell.swift in Sources */,
			);
			runOnlyForDeploymentPostprocessing = 0;
		};
		266DD6531C76A20F0011DD2E /* Sources */ = {
			isa = PBXSourcesBuildPhase;
			buildActionMask = 2147483647;
			files = (
				266DD65C1C76A20F0011DD2E /* XcodeTutorialTests.swift in Sources */,
			);
			runOnlyForDeploymentPostprocessing = 0;
		};
		266DD65E1C76A20F0011DD2E /* Sources */ = {
			isa = PBXSourcesBuildPhase;
			buildActionMask = 2147483647;
			files = (
				266DD6671C76A2100011DD2E /* XcodeTutorialUITests.swift in Sources */,
			);
			runOnlyForDeploymentPostprocessing = 0;
		};
/* End PBXSourcesBuildPhase section */

/* Begin PBXTargetDependency section */
		266DD6591C76A20F0011DD2E /* PBXTargetDependency */ = {
			isa = PBXTargetDependency;
			target = 266DD6421C76A20F0011DD2E /* XcodeTutorial */;
			targetProxy = 266DD6581C76A20F0011DD2E /* PBXContainerItemProxy */;
		};
		266DD6641C76A20F0011DD2E /* PBXTargetDependency */ = {
			isa = PBXTargetDependency;
			target = 266DD6421C76A20F0011DD2E /* XcodeTutorial */;
			targetProxy = 266DD6631C76A20F0011DD2E /* PBXContainerItemProxy */;
		};
/* End PBXTargetDependency section */

/* Begin PBXVariantGroup section */
		266DD64A1C76A20F0011DD2E /* Main.storyboard */ = {
			isa = PBXVariantGroup;
			children = (
				266DD64B1C76A20F0011DD2E /* Base */,
			);
			name = Main.storyboard;
			sourceTree = "<group>";
		};
		266DD64F1C76A20F0011DD2E /* LaunchScreen.storyboard */ = {
			isa = PBXVariantGroup;
			children = (
				266DD6501C76A20F0011DD2E /* Base */,
			);
			name = LaunchScreen.storyboard;
			sourceTree = "<group>";
		};
/* End PBXVariantGroup section */

/* Begin XCBuildConfiguration section */
		266DD6691C76A2100011DD2E /* Debug */ = {
			isa = XCBuildConfiguration;
			buildSettings = {
				ALWAYS_SEARCH_USER_PATHS = NO;
				CLANG_CXX_LANGUAGE_STANDARD = "gnu++0x";
				CLANG_CXX_LIBRARY = "libc++";
				CLANG_ENABLE_MODULES = YES;
				CLANG_ENABLE_OBJC_ARC = YES;
				CLANG_WARN_BOOL_CONVERSION = YES;
				CLANG_WARN_CONSTANT_CONVERSION = YES;
				CLANG_WARN_DIRECT_OBJC_ISA_USAGE = YES_ERROR;
				CLANG_WARN_EMPTY_BODY = YES;
				CLANG_WARN_ENUM_CONVERSION = YES;
				CLANG_WARN_INT_CONVERSION = YES;
				CLANG_WARN_OBJC_ROOT_CLASS = YES_ERROR;
				CLANG_WARN_UNREACHABLE_CODE = YES;
				CLANG_WARN__DUPLICATE_METHOD_MATCH = YES;
				"CODE_SIGN_IDENTITY[sdk=iphoneos*]" = "iPhone Developer";
				COPY_PHASE_STRIP = NO;
				DEBUG_INFORMATION_FORMAT = dwarf;
				ENABLE_STRICT_OBJC_MSGSEND = YES;
				ENABLE_TESTABILITY = YES;
				GCC_C_LANGUAGE_STANDARD = gnu99;
				GCC_DYNAMIC_NO_PIC = NO;
				GCC_NO_COMMON_BLOCKS = YES;
				GCC_OPTIMIZATION_LEVEL = 0;
				GCC_PREPROCESSOR_DEFINITIONS = (
					"DEBUG=1",
					"$(inherited)",
				);
				GCC_WARN_64_TO_32_BIT_CONVERSION = YES;
				GCC_WARN_ABOUT_RETURN_TYPE = YES_ERROR;
				GCC_WARN_UNDECLARED_SELECTOR = YES;
				GCC_WARN_UNINITIALIZED_AUTOS = YES_AGGRESSIVE;
				GCC_WARN_UNUSED_FUNCTION = YES;
				GCC_WARN_UNUSED_VARIABLE = YES;
				IPHONEOS_DEPLOYMENT_TARGET = 9.2;
				MTL_ENABLE_DEBUG_INFO = YES;
				ONLY_ACTIVE_ARCH = YES;
				SDKROOT = iphoneos;
				SWIFT_OPTIMIZATION_LEVEL = "-Onone";
			};
			name = Debug;
		};
		266DD66A1C76A2100011DD2E /* Release */ = {
			isa = XCBuildConfiguration;
			buildSettings = {
				ALWAYS_SEARCH_USER_PATHS = NO;
				CLANG_CXX_LANGUAGE_STANDARD = "gnu++0x";
				CLANG_CXX_LIBRARY = "libc++";
				CLANG_ENABLE_MODULES = YES;
				CLANG_ENABLE_OBJC_ARC = YES;
				CLANG_WARN_BOOL_CONVERSION = YES;
				CLANG_WARN_CONSTANT_CONVERSION = YES;
				CLANG_WARN_DIRECT_OBJC_ISA_USAGE = YES_ERROR;
				CLANG_WARN_EMPTY_BODY = YES;
				CLANG_WARN_ENUM_CONVERSION = YES;
				CLANG_WARN_INT_CONVERSION = YES;
				CLANG_WARN_OBJC_ROOT_CLASS = YES_ERROR;
				CLANG_WARN_UNREACHABLE_CODE = YES;
				CLANG_WARN__DUPLICATE_METHOD_MATCH = YES;
				"CODE_SIGN_IDENTITY[sdk=iphoneos*]" = "iPhone Developer";
				COPY_PHASE_STRIP = NO;
				DEBUG_INFORMATION_FORMAT = "dwarf-with-dsym";
				ENABLE_NS_ASSERTIONS = NO;
				ENABLE_STRICT_OBJC_MSGSEND = YES;
				GCC_C_LANGUAGE_STANDARD = gnu99;
				GCC_NO_COMMON_BLOCKS = YES;
				GCC_WARN_64_TO_32_BIT_CONVERSION = YES;
				GCC_WARN_ABOUT_RETURN_TYPE = YES_ERROR;
				GCC_WARN_UNDECLARED_SELECTOR = YES;
				GCC_WARN_UNINITIALIZED_AUTOS = YES_AGGRESSIVE;
				GCC_WARN_UNUSED_FUNCTION = YES;
				GCC_WARN_UNUSED_VARIABLE = YES;
				IPHONEOS_DEPLOYMENT_TARGET = 9.2;
				MTL_ENABLE_DEBUG_INFO = NO;
				SDKROOT = iphoneos;
				VALIDATE_PRODUCT = YES;
			};
			name = Release;
		};
		266DD66C1C76A2100011DD2E /* Debug */ = {
			isa = XCBuildConfiguration;
			buildSettings = {
				ASSETCATALOG_COMPILER_APPICON_NAME = AppIcon;
				CODE_SIGN_IDENTITY = "iPhone Developer";
				"CODE_SIGN_IDENTITY[sdk=iphoneos*]" = "iPhone Developer";
				INFOPLIST_FILE = XcodeTutorial/Info.plist;
				LD_RUNPATH_SEARCH_PATHS = "$(inherited) @executable_path/Frameworks";
				PRODUCT_BUNDLE_IDENTIFIER = com.joey.tutorial.XcodeTutorial;
				PRODUCT_NAME = "$(TARGET_NAME)";
				PROVISIONING_PROFILE = "";
			};
			name = Debug;
		};
		266DD66D1C76A2100011DD2E /* Release */ = {
			isa = XCBuildConfiguration;
			buildSettings = {
				ASSETCATALOG_COMPILER_APPICON_NAME = AppIcon;
				CODE_SIGN_IDENTITY = "iPhone Developer";
				"CODE_SIGN_IDENTITY[sdk=iphoneos*]" = "iPhone Developer";
				INFOPLIST_FILE = XcodeTutorial/Info.plist;
				LD_RUNPATH_SEARCH_PATHS = "$(inherited) @executable_path/Frameworks";
				PRODUCT_BUNDLE_IDENTIFIER = com.joey.tutorial.XcodeTutorial;
				PRODUCT_NAME = "$(TARGET_NAME)";
				PROVISIONING_PROFILE = "";
			};
			name = Release;
		};
		266DD66F1C76A2100011DD2E /* Debug */ = {
			isa = XCBuildConfiguration;
			buildSettings = {
				BUNDLE_LOADER = "$(TEST_HOST)";
				INFOPLIST_FILE = XcodeTutorialTests/Info.plist;
				LD_RUNPATH_SEARCH_PATHS = "$(inherited) @executable_path/Frameworks @loader_path/Frameworks";
				PRODUCT_BUNDLE_IDENTIFIER = com.joey.tutorial.XcodeTutorialTests;
				PRODUCT_NAME = "$(TARGET_NAME)";
				TEST_HOST = "$(BUILT_PRODUCTS_DIR)/XcodeTutorial.app/XcodeTutorial";
			};
			name = Debug;
		};
		266DD6701C76A2100011DD2E /* Release */ = {
			isa = XCBuildConfiguration;
			buildSettings = {
				BUNDLE_LOADER = "$(TEST_HOST)";
				INFOPLIST_FILE = XcodeTutorialTests/Info.plist;
				LD_RUNPATH_SEARCH_PATHS = "$(inherited) @executable_path/Frameworks @loader_path/Frameworks";
				PRODUCT_BUNDLE_IDENTIFIER = com.joey.tutorial.XcodeTutorialTests;
				PRODUCT_NAME = "$(TARGET_NAME)";
				TEST_HOST = "$(BUILT_PRODUCTS_DIR)/XcodeTutorial.app/XcodeTutorial";
			};
			name = Release;
		};
		266DD6721C76A2100011DD2E /* Debug */ = {
			isa = XCBuildConfiguration;
			buildSettings = {
				INFOPLIST_FILE = XcodeTutorialUITests/Info.plist;
				LD_RUNPATH_SEARCH_PATHS = "$(inherited) @executable_path/Frameworks @loader_path/Frameworks";
				PRODUCT_BUNDLE_IDENTIFIER = com.joey.tutorial.XcodeTutorialUITests;
				PRODUCT_NAME = "$(TARGET_NAME)";
				TEST_TARGET_NAME = XcodeTutorial;
				USES_XCTRUNNER = YES;
			};
			name = Debug;
		};
		266DD6731C76A2100011DD2E /* Release */ = {
			isa = XCBuildConfiguration;
			buildSettings = {
				INFOPLIST_FILE = XcodeTutorialUITests/Info.plist;
				LD_RUNPATH_SEARCH_PATHS = "$(inherited) @executable_path/Frameworks @loader_path/Frameworks";
				PRODUCT_BUNDLE_IDENTIFIER = com.joey.tutorial.XcodeTutorialUITests;
				PRODUCT_NAME = "$(TARGET_NAME)";
				TEST_TARGET_NAME = XcodeTutorial;
				USES_XCTRUNNER = YES;
			};
			name = Release;
		};
/* End XCBuildConfiguration section */

/* Begin XCConfigurationList section */
		266DD63E1C76A20F0011DD2E /* Build configuration list for PBXProject "XcodeTutorial" */ = {
			isa = XCConfigurationList;
			buildConfigurations = (
				266DD6691C76A2100011DD2E /* Debug */,
				266DD66A1C76A2100011DD2E /* Release */,
			);
			defaultConfigurationIsVisible = 0;
			defaultConfigurationName = Release;
		};
		266DD66B1C76A2100011DD2E /* Build configuration list for PBXNativeTarget "XcodeTutorial" */ = {
			isa = XCConfigurationList;
			buildConfigurations = (
				266DD66C1C76A2100011DD2E /* Debug */,
				266DD66D1C76A2100011DD2E /* Release */,
			);
			defaultConfigurationIsVisible = 0;
		};
		266DD66E1C76A2100011DD2E /* Build configuration list for PBXNativeTarget "XcodeTutorialTests" */ = {
			isa = XCConfigurationList;
			buildConfigurations = (
				266DD66F1C76A2100011DD2E /* Debug */,
				266DD6701C76A2100011DD2E /* Release */,
			);
			defaultConfigurationIsVisible = 0;
		};
		266DD6711C76A2100011DD2E /* Build configuration list for PBXNativeTarget "XcodeTutorialUITests" */ = {
			isa = XCConfigurationList;
			buildConfigurations = (
				266DD6721C76A2100011DD2E /* Debug */,
				266DD6731C76A2100011DD2E /* Release */,
			);
			defaultConfigurationIsVisible = 0;
		};
/* End XCConfigurationList section */
	};
	rootObject = 266DD63B1C76A20F0011DD2E /* Project object */;
}
